
Microsoft Visual Studio Solution File, Format Version 12.00
# Visual Studio Version 16
VisualStudioVersion = 16.0.31410.357
MinimumVisualStudioVersion = 10.0.40219.1
Project("{FAE04EC0-301F-11D3-BF4B-00C04F79EFBC}") = "CinemaAPI", "CinemaAPI\CinemaAPI.csproj", "{0D3DC6D9-2784-4A01-A717-9D16545C99C5}"
EndProject
Global
	GlobalSection(SolutionConfigurationPlatforms) = preSolution
		Debug|Any CPU = Debug|Any CPU
		Release|Any CPU = Release|Any CPU
	EndGlobalSection
	GlobalSection(ProjectConfigurationPlatforms) = postSolution
		{0D3DC6D9-2784-4A01-A717-9D16545C99C5}.Debug|Any CPU.ActiveCfg = Debug|Any CPU
		{0D3DC6D9-2784-4A01-A717-9D16545C99C5}.Debug|Any CPU.Build.0 = Debug|Any CPU
		{0D3DC6D9-2784-4A01-A717-9D16545C99C5}.Release|Any CPU.ActiveCfg = Release|Any CPU
		{0D3DC6D9-2784-4A01-A717-9D16545C99C5}.Release|Any CPU.Build.0 = Release|Any CPU
	EndGlobalSection
	GlobalSection(SolutionProperties) = preSolution
		HideSolutionNode = FALSE
	EndGlobalSection
	GlobalSection(ExtensibilityGlobals) = postSolution
		SolutionGuid = {5BCDAB3E-0C7D-460D-993E-C0D2F094EE87}
	EndGlobalSection
EndGlobal
